
Microsoft Visual Studio Solution File, Format Version 12.00
# Visual Studio Version 17
VisualStudioVersion = 17.0.31903.59
MinimumVisualStudioVersion = 10.0.40219.1
Project("{2150E333-8FDC-42A3-9474-1A3956D46DE8}") = "src", "src", "{827E0CD3-B72D-47B6-A68D-7590B98EB39B}"
EndProject
Project("{FAE04EC0-301F-11D3-BF4B-00C04F79EFBC}") = "ParentalGuard.Ipc", "src\ParentalGuard.Ipc\ParentalGuard.Ipc.csproj", "{A69A7032-2964-4B95-A973-9B0C277DEE74}"
EndProject
Project("{FAE04EC0-301F-11D3-BF4B-00C04F79EFBC}") = "ParentalGuard.Vision", "src\ParentalGuard.Vision\ParentalGuard.Vision.csproj", "{8C133533-3DC5-45B2-A815-DF84086E736C}"
EndProject
Project("{FAE04EC0-301F-11D3-BF4B-00C04F79EFBC}") = "ParentalGuard.Overlay", "src\ParentalGuard.Overlay\ParentalGuard.Overlay.csproj", "{50DA0361-E5C0-4CD5-BB8D-08FD6C25EC05}"
EndProject
Project("{FAE04EC0-301F-11D3-BF4B-00C04F79EFBC}") = "ParentalGuard.Service", "src\ParentalGuard.Service\ParentalGuard.Service.csproj", "{E7441023-964A-4ACD-8024-420BFB406E7B}"
EndProject
Project("{FAE04EC0-301F-11D3-BF4B-00C04F79EFBC}") = "ParentalGuard.Watchdog", "src\ParentalGuard.Watchdog\ParentalGuard.Watchdog.csproj", "{2D4A8EF1-E7D5-4775-A87B-51F4D2A89B58}"
EndProject
Project("{FAE04EC0-301F-11D3-BF4B-00C04F79EFBC}") = "ParentalGuard.Uninstaller", "src\ParentalGuard.Uninstaller\ParentalGuard.Uninstaller.csproj", "{813CD179-6A45-454E-A34E-81C3ABABBC32}"
EndProject
Project("{2150E333-8FDC-42A3-9474-1A3956D46DE8}") = "tests", "tests", "{0AB3BF05-4346-4AA6-1389-037BE0695223}"
EndProject
Project("{FAE04EC0-301F-11D3-BF4B-00C04F79EFBC}") = "ParentalGuard.Service.Tests", "tests\ParentalGuard.Service.Tests\ParentalGuard.Service.Tests.csproj", "{2734CD37-A650-449B-A65B-BD02FB935AB0}"
EndProject
Project("{FAE04EC0-301F-11D3-BF4B-00C04F79EFBC}") = "ParentalGuard.Vision.Tests", "tests\ParentalGuard.Vision.Tests\ParentalGuard.Vision.Tests.csproj", "{494D773C-9E55-44A7-908A-97E4738436F4}"
EndProject
Project("{FAE04EC0-301F-11D3-BF4B-00C04F79EFBC}") = "ParentalGuard.Overlay.Tests", "tests\ParentalGuard.Overlay.Tests\ParentalGuard.Overlay.Tests.csproj", "{E92A0358-6C32-4F6D-982E-2085989CE194}"
EndProject
Project("{FAE04EC0-301F-11D3-BF4B-00C04F79EFBC}") = "ParentalGuard.Watchdog.Tests", "tests\ParentalGuard.Watchdog.Tests\ParentalGuard.Watchdog.Tests.csproj", "{F8053D86-9F99-4BCD-BA34-6BAE030FB268}"
EndProject
Project("{FAE04EC0-301F-11D3-BF4B-00C04F79EFBC}") = "ParentalGuard.Uninstaller.Tests", "tests\ParentalGuard.Uninstaller.Tests\ParentalGuard.Uninstaller.Tests.csproj", "{63583F04-75C8-45D1-867C-9B00DE49FA3F}"
EndProject
Project("{FAE04EC0-301F-11D3-BF4B-00C04F79EFBC}") = "ParentalGuard.UI", "src\ParentalGuard.UI\ParentalGuard.UI.csproj", "{0BC7915D-ADC2-401F-A92A-835F3642BCDD}"
EndProject
Project("{FAE04EC0-301F-11D3-BF4B-00C04F79EFBC}") = "ParentalGuard.UI.Tests", "tests\ParentalGuard.UI.Tests\ParentalGuard.UI.Tests.csproj", "{C508EF2F-428B-4C35-8F51-B077CF575582}"
EndProject
Global
	GlobalSection(SolutionConfigurationPlatforms) = preSolution
		Debug|Any CPU = Debug|Any CPU
		Debug|x64 = Debug|x64
		Debug|x86 = Debug|x86
		Release|Any CPU = Release|Any CPU
		Release|x64 = Release|x64
		Release|x86 = Release|x86
	EndGlobalSection
	GlobalSection(ProjectConfigurationPlatforms) = postSolution
		{A69A7032-2964-4B95-A973-9B0C277DEE74}.Debug|Any CPU.ActiveCfg = Debug|Any CPU
		{A69A7032-2964-4B95-A973-9B0C277DEE74}.Debug|Any CPU.Build.0 = Debug|Any CPU
		{A69A7032-2964-4B95-A973-9B0C277DEE74}.Debug|x64.ActiveCfg = Debug|Any CPU
		{A69A7032-2964-4B95-A973-9B0C277DEE74}.Debug|x64.Build.0 = Debug|Any CPU
		{A69A7032-2964-4B95-A973-9B0C277DEE74}.Debug|x86.ActiveCfg = Debug|Any CPU
		{A69A7032-2964-4B95-A973-9B0C277DEE74}.Debug|x86.Build.0 = Debug|Any CPU
		{A69A7032-2964-4B95-A973-9B0C277DEE74}.Release|Any CPU.ActiveCfg = Release|Any CPU
		{A69A7032-2964-4B95-A973-9B0C277DEE74}.Release|Any CPU.Build.0 = Release|Any CPU
		{A69A7032-2964-4B95-A973-9B0C277DEE74}.Release|x64.ActiveCfg = Release|Any CPU
		{A69A7032-2964-4B95-A973-9B0C277DEE74}.Release|x64.Build.0 = Release|Any CPU
		{A69A7032-2964-4B95-A973-9B0C277DEE74}.Release|x86.ActiveCfg = Release|Any CPU
		{A69A7032-2964-4B95-A973-9B0C277DEE74}.Release|x86.Build.0 = Release|Any CPU
		{8C133533-3DC5-45B2-A815-DF84086E736C}.Debug|Any CPU.ActiveCfg = Debug|Any CPU
		{8C133533-3DC5-45B2-A815-DF84086E736C}.Debug|Any CPU.Build.0 = Debug|Any CPU
		{8C133533-3DC5-45B2-A815-DF84086E736C}.Debug|x64.ActiveCfg = Debug|Any CPU
		{8C133533-3DC5-45B2-A815-DF84086E736C}.Debug|x64.Build.0 = Debug|Any CPU
		{8C133533-3DC5-45B2-A815-DF84086E736C}.Debug|x86.ActiveCfg = Debug|Any CPU
		{8C133533-3DC5-45B2-A815-DF84086E736C}.Debug|x86.Build.0 = Debug|Any CPU
		{8C133533-3DC5-45B2-A815-DF84086E736C}.Release|Any CPU.ActiveCfg = Release|Any CPU
		{8C133533-3DC5-45B2-A815-DF84086E736C}.Release|Any CPU.Build.0 = Release|Any CPU
		{8C133533-3DC5-45B2-A815-DF84086E736C}.Release|x64.ActiveCfg = Release|Any CPU
		{8C133533-3DC5-45B2-A815-DF84086E736C}.Release|x64.Build.0 = Release|Any CPU
		{8C133533-3DC5-45B2-A815-DF84086E736C}.Release|x86.ActiveCfg = Release|Any CPU
		{8C133533-3DC5-45B2-A815-DF84086E736C}.Release|x86.Build.0 = Release|Any CPU
		{50DA0361-E5C0-4CD5-BB8D-08FD6C25EC05}.Debug|Any CPU.ActiveCfg = Debug|Any CPU
		{50DA0361-E5C0-4CD5-BB8D-08FD6C25EC05}.Debug|Any CPU.Build.0 = Debug|Any CPU
		{50DA0361-E5C0-4CD5-BB8D-08FD6C25EC05}.Debug|x64.ActiveCfg = Debug|Any CPU
		{50DA0361-E5C0-4CD5-BB8D-08FD6C25EC05}.Debug|x64.Build.0 = Debug|Any CPU
		{50DA0361-E5C0-4CD5-BB8D-08FD6C25EC05}.Debug|x86.ActiveCfg = Debug|Any CPU
		{50DA0361-E5C0-4CD5-BB8D-08FD6C25EC05}.Debug|x86.Build.0 = Debug|Any CPU
		{50DA0361-E5C0-4CD5-BB8D-08FD6C25EC05}.Release|Any CPU.ActiveCfg = Release|Any CPU
		{50DA0361-E5C0-4CD5-BB8D-08FD6C25EC05}.Release|Any CPU.Build.0 = Release|Any CPU
		{50DA0361-E5C0-4CD5-BB8D-08FD6C25EC05}.Release|x64.ActiveCfg = Release|Any CPU
		{50DA0361-E5C0-4CD5-BB8D-08FD6C25EC05}.Release|x64.Build.0 = Release|Any CPU
		{50DA0361-E5C0-4CD5-BB8D-08FD6C25EC05}.Release|x86.ActiveCfg = Release|Any CPU
		{50DA0361-E5C0-4CD5-BB8D-08FD6C25EC05}.Release|x86.Build.0 = Release|Any CPU
		{E7441023-964A-4ACD-8024-420BFB406E7B}.Debug|Any CPU.ActiveCfg = Debug|Any CPU
		{E7441023-964A-4ACD-8024-420BFB406E7B}.Debug|Any CPU.Build.0 = Debug|Any CPU
		{E7441023-964A-4ACD-8024-420BFB406E7B}.Debug|x64.ActiveCfg = Debug|Any CPU
		{E7441023-964A-4ACD-8024-420BFB406E7B}.Debug|x64.Build.0 = Debug|Any CPU
		{E7441023-964A-4ACD-8024-420BFB406E7B}.Debug|x86.ActiveCfg = Debug|Any CPU
		{E7441023-964A-4ACD-8024-420BFB406E7B}.Debug|x86.Build.0 = Debug|Any CPU
		{E7441023-964A-4ACD-8024-420BFB406E7B}.Release|Any CPU.ActiveCfg = Release|Any CPU
		{E7441023-964A-4ACD-8024-420BFB406E7B}.Release|Any CPU.Build.0 = Release|Any CPU
		{E7441023-964A-4ACD-8024-420BFB406E7B}.Release|x64.ActiveCfg = Release|Any CPU
		{E7441023-964A-4ACD-8024-420BFB406E7B}.Release|x64.Build.0 = Release|Any CPU
		{E7441023-964A-4ACD-8024-420BFB406E7B}.Release|x86.ActiveCfg = Release|Any CPU
		{E7441023-964A-4ACD-8024-420BFB406E7B}.Release|x86.Build.0 = Release|Any CPU
		{2D4A8EF1-E7D5-4775-A87B-51F4D2A89B58}.Debug|Any CPU.ActiveCfg = Debug|Any CPU
		{2D4A8EF1-E7D5-4775-A87B-51F4D2A89B58}.Debug|Any CPU.Build.0 = Debug|Any CPU
		{2D4A8EF1-E7D5-4775-A87B-51F4D2A89B58}.Debug|x64.ActiveCfg = Debug|Any CPU
		{2D4A8EF1-E7D5-4775-A87B-51F4D2A89B58}.Debug|x64.Build.0 = Debug|Any CPU
		{2D4A8EF1-E7D5-4775-A87B-51F4D2A89B58}.Debug|x86.ActiveCfg = Debug|Any CPU
		{2D4A8EF1-E7D5-4775-A87B-51F4D2A89B58}.Debug|x86.Build.0 = Debug|Any CPU
		{2D4A8EF1-E7D5-4775-A87B-51F4D2A89B58}.Release|Any CPU.ActiveCfg = Release|Any CPU
		{2D4A8EF1-E7D5-4775-A87B-51F4D2A89B58}.Release|Any CPU.Build.0 = Release|Any CPU
		{2D4A8EF1-E7D5-4775-A87B-51F4D2A89B58}.Release|x64.ActiveCfg = Release|Any CPU
		{2D4A8EF1-E7D5-4775-A87B-51F4D2A89B58}.Release|x64.Build.0 = Release|Any CPU
		{2D4A8EF1-E7D5-4775-A87B-51F4D2A89B58}.Release|x86.ActiveCfg = Release|Any CPU
		{2D4A8EF1-E7D5-4775-A87B-51F4D2A89B58}.Release|x86.Build.0 = Release|Any CPU
		{813CD179-6A45-454E-A34E-81C3ABABBC32}.Debug|Any CPU.ActiveCfg = Debug|Any CPU
		{813CD179-6A45-454E-A34E-81C3ABABBC32}.Debug|Any CPU.Build.0 = Debug|Any CPU
		{813CD179-6A45-454E-A34E-81C3ABABBC32}.Debug|x64.ActiveCfg = Debug|Any CPU
		{813CD179-6A45-454E-A34E-81C3ABABBC32}.Debug|x64.Build.0 = Debug|Any CPU
		{813CD179-6A45-454E-A34E-81C3ABABBC32}.Debug|x86.ActiveCfg = Debug|Any CPU
		{813CD179-6A45-454E-A34E-81C3ABABBC32}.Debug|x86.Build.0 = Debug|Any CPU
		{813CD179-6A45-454E-A34E-81C3ABABBC32}.Release|Any CPU.ActiveCfg = Release|Any CPU
		{813CD179-6A45-454E-A34E-81C3ABABBC32}.Release|Any CPU.Build.0 = Release|Any CPU
		{813CD179-6A45-454E-A34E-81C3ABABBC32}.Release|x64.ActiveCfg = Release|Any CPU
		{813CD179-6A45-454E-A34E-81C3ABABBC32}.Release|x64.Build.0 = Release|Any CPU
		{813CD179-6A45-454E-A34E-81C3ABABBC32}.Release|x86.ActiveCfg = Release|Any CPU
		{813CD179-6A45-454E-A34E-81C3ABABBC32}.Release|x86.Build.0 = Release|Any CPU
		{2734CD37-A650-449B-A65B-BD02FB935AB0}.Debug|Any CPU.ActiveCfg = Debug|Any CPU
		{2734CD37-A650-449B-A65B-BD02FB935AB0}.Debug|Any CPU.Build.0 = Debug|Any CPU
		{2734CD37-A650-449B-A65B-BD02FB935AB0}.Debug|x64.ActiveCfg = Debug|Any CPU
		{2734CD37-A650-449B-A65B-BD02FB935AB0}.Debug|x64.Build.0 = Debug|Any CPU
		{2734CD37-A650-449B-A65B-BD02FB935AB0}.Debug|x86.ActiveCfg = Debug|Any CPU
		{2734CD37-A650-449B-A65B-BD02FB935AB0}.Debug|x86.Build.0 = Debug|Any CPU
		{2734CD37-A650-449B-A65B-BD02FB935AB0}.Release|Any CPU.ActiveCfg = Release|Any CPU
		{2734CD37-A650-449B-A65B-BD02FB935AB0}.Release|Any CPU.Build.0 = Release|Any CPU
		{2734CD37-A650-449B-A65B-BD02FB935AB0}.Release|x64.ActiveCfg = Release|Any CPU
		{2734CD37-A650-449B-A65B-BD02FB935AB0}.Release|x64.Build.0 = Release|Any CPU
		{2734CD37-A650-449B-A65B-BD02FB935AB0}.Release|x86.ActiveCfg = Release|Any CPU
		{2734CD37-A650-449B-A65B-BD02FB935AB0}.Release|x86.Build.0 = Release|Any CPU
		{494D773C-9E55-44A7-908A-97E4738436F4}.Debug|Any CPU.ActiveCfg = Debug|Any CPU
		{494D773C-9E55-44A7-908A-97E4738436F4}.Debug|Any CPU.Build.0 = Debug|Any CPU
		{494D773C-9E55-44A7-908A-97E4738436F4}.Debug|x64.ActiveCfg = Debug|Any CPU
		{494D773C-9E55-44A7-908A-97E4738436F4}.Debug|x64.Build.0 = Debug|Any CPU
		{494D773C-9E55-44A7-908A-97E4738436F4}.Debug|x86.ActiveCfg = Debug|Any CPU
		{494D773C-9E55-44A7-908A-97E4738436F4}.Debug|x86.Build.0 = Debug|Any CPU
		{494D773C-9E55-44A7-908A-97E4738436F4}.Release|Any CPU.ActiveCfg = Release|Any CPU
		{494D773C-9E55-44A7-908A-97E4738436F4}.Release|Any CPU.Build.0 = Release|Any CPU
		{494D773C-9E55-44A7-908A-97E4738436F4}.Release|x64.ActiveCfg = Release|Any CPU
		{494D773C-9E55-44A7-908A-97E4738436F4}.Release|x64.Build.0 = Release|Any CPU
		{494D773C-9E55-44A7-908A-97E4738436F4}.Release|x86.ActiveCfg = Release|Any CPU
		{494D773C-9E55-44A7-908A-97E4738436F4}.Release|x86.Build.0 = Release|Any CPU
		{E92A0358-6C32-4F6D-982E-2085989CE194}.Debug|Any CPU.ActiveCfg = Debug|Any CPU
		{E92A0358-6C32-4F6D-982E-2085989CE194}.Debug|Any CPU.Build.0 = Debug|Any CPU
		{E92A0358-6C32-4F6D-982E-2085989CE194}.Debug|x64.ActiveCfg = Debug|Any CPU
		{E92A0358-6C32-4F6D-982E-2085989CE194}.Debug|x64.Build.0 = Debug|Any CPU
		{E92A0358-6C32-4F6D-982E-2085989CE194}.Debug|x86.ActiveCfg = Debug|Any CPU
		{E92A0358-6C32-4F6D-982E-2085989CE194}.Debug|x86.Build.0 = Debug|Any CPU
		{E92A0358-6C32-4F6D-982E-2085989CE194}.Release|Any CPU.ActiveCfg = Release|Any CPU
		{E92A0358-6C32-4F6D-982E-2085989CE194}.Release|Any CPU.Build.0 = Release|Any CPU
		{E92A0358-6C32-4F6D-982E-2085989CE194}.Release|x64.ActiveCfg = Release|Any CPU
		{E92A0358-6C32-4F6D-982E-2085989CE194}.Release|x64.Build.0 = Release|Any CPU
		{E92A0358-6C32-4F6D-982E-2085989CE194}.Release|x86.ActiveCfg = Release|Any CPU
		{E92A0358-6C32-4F6D-982E-2085989CE194}.Release|x86.Build.0 = Release|Any CPU
		{F8053D86-9F99-4BCD-BA34-6BAE030FB268}.Debug|Any CPU.ActiveCfg = Debug|Any CPU
		{F8053D86-9F99-4BCD-BA34-6BAE030FB268}.Debug|Any CPU.Build.0 = Debug|Any CPU
		{F8053D86-9F99-4BCD-BA34-6BAE030FB268}.Debug|x64.ActiveCfg = Debug|Any CPU
		{F8053D86-9F99-4BCD-BA34-6BAE030FB268}.Debug|x64.Build.0 = Debug|Any CPU
		{F8053D86-9F99-4BCD-BA34-6BAE030FB268}.Debug|x86.ActiveCfg = Debug|Any CPU
		{F8053D86-9F99-4BCD-BA34-6BAE030FB268}.Debug|x86.Build.0 = Debug|Any CPU
		{F8053D86-9F99-4BCD-BA34-6BAE030FB268}.Release|Any CPU.ActiveCfg = Release|Any CPU
		{F8053D86-9F99-4BCD-BA34-6BAE030FB268}.Release|Any CPU.Build.0 = Release|Any CPU
		{F8053D86-9F99-4BCD-BA34-6BAE030FB268}.Release|x64.ActiveCfg = Release|Any CPU
		{F8053D86-9F99-4BCD-BA34-6BAE030FB268}.Release|x64.Build.0 = Release|Any CPU
		{F8053D86-9F99-4BCD-BA34-6BAE030FB268}.Release|x86.ActiveCfg = Release|Any CPU
		{F8053D86-9F99-4BCD-BA34-6BAE030FB268}.Release|x86.Build.0 = Release|Any CPU
		{63583F04-75C8-45D1-867C-9B00DE49FA3F}.Debug|Any CPU.ActiveCfg = Debug|Any CPU
		{63583F04-75C8-45D1-867C-9B00DE49FA3F}.Debug|Any CPU.Build.0 = Debug|Any CPU
		{63583F04-75C8-45D1-867C-9B00DE49FA3F}.Debug|x64.ActiveCfg = Debug|Any CPU
		{63583F04-75C8-45D1-867C-9B00DE49FA3F}.Debug|x64.Build.0 = Debug|Any CPU
		{63583F04-75C8-45D1-867C-9B00DE49FA3F}.Debug|x86.ActiveCfg = Debug|Any CPU
		{63583F04-75C8-45D1-867C-9B00DE49FA3F}.Debug|x86.Build.0 = Debug|Any CPU
		{63583F04-75C8-45D1-867C-9B00DE49FA3F}.Release|Any CPU.ActiveCfg = Release|Any CPU
		{63583F04-75C8-45D1-867C-9B00DE49FA3F}.Release|Any CPU.Build.0 = Release|Any CPU
		{63583F04-75C8-45D1-867C-9B00DE49FA3F}.Release|x64.ActiveCfg = Release|Any CPU
		{63583F04-75C8-45D1-867C-9B00DE49FA3F}.Release|x64.Build.0 = Release|Any CPU
		{63583F04-75C8-45D1-867C-9B00DE49FA3F}.Release|x86.ActiveCfg = Release|Any CPU
		{63583F04-75C8-45D1-867C-9B00DE49FA3F}.Release|x86.Build.0 = Release|Any CPU
		{0BC7915D-ADC2-401F-A92A-835F3642BCDD}.Debug|Any CPU.ActiveCfg = Debug|x64
		{0BC7915D-ADC2-401F-A92A-835F3642BCDD}.Debug|Any CPU.Build.0 = Debug|x64
		{0BC7915D-ADC2-401F-A92A-835F3642BCDD}.Debug|x64.ActiveCfg = Debug|x64
		{0BC7915D-ADC2-401F-A92A-835F3642BCDD}.Debug|x64.Build.0 = Debug|x64
		{0BC7915D-ADC2-401F-A92A-835F3642BCDD}.Debug|x86.ActiveCfg = Debug|x64
		{0BC7915D-ADC2-401F-A92A-835F3642BCDD}.Debug|x86.Build.0 = Debug|x64
		{0BC7915D-ADC2-401F-A92A-835F3642BCDD}.Release|Any CPU.ActiveCfg = Release|x64
		{0BC7915D-ADC2-401F-A92A-835F3642BCDD}.Release|Any CPU.Build.0 = Release|x64
		{0BC7915D-ADC2-401F-A92A-835F3642BCDD}.Release|x64.ActiveCfg = Release|x64
		{0BC7915D-ADC2-401F-A92A-835F3642BCDD}.Release|x64.Build.0 = Release|x64
		{0BC7915D-ADC2-401F-A92A-835F3642BCDD}.Release|x86.ActiveCfg = Release|x64
		{0BC7915D-ADC2-401F-A92A-835F3642BCDD}.Release|x86.Build.0 = Release|x64
		{C508EF2F-428B-4C35-8F51-B077CF575582}.Debug|Any CPU.ActiveCfg = Debug|x64
		{C508EF2F-428B-4C35-8F51-B077CF575582}.Debug|Any CPU.Build.0 = Debug|x64
		{C508EF2F-428B-4C35-8F51-B077CF575582}.Debug|x64.ActiveCfg = Debug|x64
		{C508EF2F-428B-4C35-8F51-B077CF575582}.Debug|x64.Build.0 = Debug|x64
		{C508EF2F-428B-4C35-8F51-B077CF575582}.Debug|x86.ActiveCfg = Debug|x64
		{C508EF2F-428B-4C35-8F51-B077CF575582}.Debug|x86.Build.0 = Debug|x64
		{C508EF2F-428B-4C35-8F51-B077CF575582}.Release|Any CPU.ActiveCfg = Release|x64
		{C508EF2F-428B-4C35-8F51-B077CF575582}.Release|Any CPU.Build.0 = Release|x64
		{C508EF2F-428B-4C35-8F51-B077CF575582}.Release|x64.ActiveCfg = Release|x64
		{C508EF2F-428B-4C35-8F51-B077CF575582}.Release|x64.Build.0 = Release|x64
		{C508EF2F-428B-4C35-8F51-B077CF575582}.Release|x86.ActiveCfg = Release|x64
		{C508EF2F-428B-4C35-8F51-B077CF575582}.Release|x86.Build.0 = Release|x64
	EndGlobalSection
	GlobalSection(SolutionProperties) = preSolution
		HideSolutionNode = FALSE
	EndGlobalSection
	GlobalSection(NestedProjects) = preSolution
		{A69A7032-2964-4B95-A973-9B0C277DEE74} = {827E0CD3-B72D-47B6-A68D-7590B98EB39B}
		{8C133533-3DC5-45B2-A815-DF84086E736C} = {827E0CD3-B72D-47B6-A68D-7590B98EB39B}
		{50DA0361-E5C0-4CD5-BB8D-08FD6C25EC05} = {827E0CD3-B72D-47B6-A68D-7590B98EB39B}
		{E7441023-964A-4ACD-8024-420BFB406E7B} = {827E0CD3-B72D-47B6-A68D-7590B98EB39B}
		{2D4A8EF1-E7D5-4775-A87B-51F4D2A89B58} = {827E0CD3-B72D-47B6-A68D-7590B98EB39B}
		{813CD179-6A45-454E-A34E-81C3ABABBC32} = {827E0CD3-B72D-47B6-A68D-7590B98EB39B}
		{2734CD37-A650-449B-A65B-BD02FB935AB0} = {0AB3BF05-4346-4AA6-1389-037BE0695223}
		{494D773C-9E55-44A7-908A-97E4738436F4} = {0AB3BF05-4346-4AA6-1389-037BE0695223}
		{E92A0358-6C32-4F6D-982E-2085989CE194} = {0AB3BF05-4346-4AA6-1389-037BE0695223}
		{F8053D86-9F99-4BCD-BA34-6BAE030FB268} = {0AB3BF05-4346-4AA6-1389-037BE0695223}
		{63583F04-75C8-45D1-867C-9B00DE49FA3F} = {0AB3BF05-4346-4AA6-1389-037BE0695223}
		{0BC7915D-ADC2-401F-A92A-835F3642BCDD} = {827E0CD3-B72D-47B6-A68D-7590B98EB39B}
		{C508EF2F-428B-4C35-8F51-B077CF575582} = {0AB3BF05-4346-4AA6-1389-037BE0695223}
	EndGlobalSection
EndGlobal
