
Microsoft Visual Studio Solution File, Format Version 12.00
# Visual Studio Version 17
VisualStudioVersion = 17.0.31903.59
MinimumVisualStudioVersion = 10.0.40219.1
Project("{2150E333-8FDC-42A3-9474-1A3956D46DE8}") = "src", "src", "{827E0CD3-B72D-47B6-A68D-7590B98EB39B}"
EndProject
Project("{FAE04EC0-301F-11D3-BF4B-00C04F79EFBC}") = "ParentalGuard.Ipc", "src\ParentalGuard.Ipc\ParentalGuard.Ipc.csproj", "{A69A7032-2964-4B95-A973-9B0C277DEE74}"
EndProject
Project("{FAE04EC0-301F-11D3-BF4B-00C04F79EFBC}") = "ParentalGuard.Vision", "src\ParentalGuard.Vision\ParentalGuard.Vision.csproj", "{8C133533-3DC5-45B2-A815-DF84086E736C}"
EndProject
Project("{FAE04EC0-301F-11D3-BF4B-00C04F79EFBC}") = "ParentalGuard.Overlay", "src\ParentalGuard.Overlay\ParentalGuard.Overlay.csproj", "{50DA0361-E5C0-4CD5-BB8D-08FD6C25EC05}"
EndProject
Project("{FAE04EC0-301F-11D3-BF4B-00C04F79EFBC}") = "ParentalGuard.Service", "src\ParentalGuard.Service\ParentalGuard.Service.csproj", "{E7441023-964A-4ACD-8024-420BFB406E7B}"
EndProject
Project("{2150E333-8FDC-42A3-9474-1A3956D46DE8}") = "tests", "tests", "{0AB3BF05-4346-4AA6-1389-037BE0695223}"
EndProject
Project("{FAE04EC0-301F-11D3-BF4B-00C04F79EFBC}") = "ParentalGuard.Service.Tests", "tests\ParentalGuard.Service.Tests\ParentalGuard.Service.Tests.csproj", "{2734CD37-A650-449B-A65B-BD02FB935AB0}"
EndProject
Project("{FAE04EC0-301F-11D3-BF4B-00C04F79EFBC}") = "ParentalGuard.Vision.Tests", "tests\ParentalGuard.Vision.Tests\ParentalGuard.Vision.Tests.csproj", "{494D773C-9E55-44A7-908A-97E4738436F4}"
EndProject
Project("{FAE04EC0-301F-11D3-BF4B-00C04F79EFBC}") = "ParentalGuard.Overlay.Tests", "tests\ParentalGuard.Overlay.Tests\ParentalGuard.Overlay.Tests.csproj", "{E92A0358-6C32-4F6D-982E-2085989CE194}"
EndProject
Global
	GlobalSection(SolutionConfigurationPlatforms) = preSolution
		Debug|Any CPU = Debug|Any CPU
		Debug|x64 = Debug|x64
		Debug|x86 = Debug|x86
		Release|Any CPU = Release|Any CPU
		Release|x64 = Release|x64
		Release|x86 = Release|x86
	EndGlobalSection
	GlobalSection(ProjectConfigurationPlatforms) = postSolution
		{A69A7032-2964-4B95-A973-9B0C277DEE74}.Debug|Any CPU.ActiveCfg = Debug|Any CPU
		{A69A7032-2964-4B95-A973-9B0C277DEE74}.Debug|Any CPU.Build.0 = Debug|Any CPU
		{A69A7032-2964-4B95-A973-9B0C277DEE74}.Debug|x64.ActiveCfg = Debug|Any CPU
		{A69A7032-2964-4B95-A973-9B0C277DEE74}.Debug|x64.Build.0 = Debug|Any CPU
		{A69A7032-2964-4B95-A973-9B0C277DEE74}.Debug|x86.ActiveCfg = Debug|Any CPU
		{A69A7032-2964-4B95-A973-9B0C277DEE74}.Debug|x86.Build.0 = Debug|Any CPU
		{A69A7032-2964-4B95-A973-9B0C277DEE74}.Release|Any CPU.ActiveCfg = Release|Any CPU
		{A69A7032-2964-4B95-A973-9B0C277DEE74}.Release|Any CPU.Build.0 = Release|Any CPU
		{A69A7032-2964-4B95-A973-9B0C277DEE74}.Release|x64.ActiveCfg = Release|Any CPU
		{A69A7032-2964-4B95-A973-9B0C277DEE74}.Release|x64.Build.0 = Release|Any CPU
		{A69A7032-2964-4B95-A973-9B0C277DEE74}.Release|x86.ActiveCfg = Release|Any CPU
		{A69A7032-2964-4B95-A973-9B0C277DEE74}.Release|x86.Build.0 = Release|Any CPU
		{8C133533-3DC5-45B2-A815-DF84086E736C}.Debug|Any CPU.ActiveCfg = Debug|Any CPU
		{8C133533-3DC5-45B2-A815-DF84086E736C}.Debug|Any CPU.Build.0 = Debug|Any CPU
		{8C133533-3DC5-45B2-A815-DF84086E736C}.Debug|x64.ActiveCfg = Debug|Any CPU
		{8C133533-3DC5-45B2-A815-DF84086E736C}.Debug|x64.Build.0 = Debug|Any CPU
		{8C133533-3DC5-45B2-A815-DF84086E736C}.Debug|x86.ActiveCfg = Debug|Any CPU
		{8C133533-3DC5-45B2-A815-DF84086E736C}.Debug|x86.Build.0 = Debug|Any CPU
		{8C133533-3DC5-45B2-A815-DF84086E736C}.Release|Any CPU.ActiveCfg = Release|Any CPU
		{8C133533-3DC5-45B2-A815-DF84086E736C}.Release|Any CPU.Build.0 = Release|Any CPU
		{8C133533-3DC5-45B2-A815-DF84086E736C}.Release|x64.ActiveCfg = Release|Any CPU
		{8C133533-3DC5-45B2-A815-DF84086E736C}.Release|x64.Build.0 = Release|Any CPU
		{8C133533-3DC5-45B2-A815-DF84086E736C}.Release|x86.ActiveCfg = Release|Any CPU
		{8C133533-3DC5-45B2-A815-DF84086E736C}.Release|x86.Build.0 = Release|Any CPU
		{50DA0361-E5C0-4CD5-BB8D-08FD6C25EC05}.Debug|Any CPU.ActiveCfg = Debug|Any CPU
		{50DA0361-E5C0-4CD5-BB8D-08FD6C25EC05}.Debug|Any CPU.Build.0 = Debug|Any CPU
		{50DA0361-E5C0-4CD5-BB8D-08FD6C25EC05}.Debug|x64.ActiveCfg = Debug|Any CPU
		{50DA0361-E5C0-4CD5-BB8D-08FD6C25EC05}.Debug|x64.Build.0 = Debug|Any CPU
		{50DA0361-E5C0-4CD5-BB8D-08FD6C25EC05}.Debug|x86.ActiveCfg = Debug|Any CPU
		{50DA0361-E5C0-4CD5-BB8D-08FD6C25EC05}.Debug|x86.Build.0 = Debug|Any CPU
		{50DA0361-E5C0-4CD5-BB8D-08FD6C25EC05}.Release|Any CPU.ActiveCfg = Release|Any CPU
		{50DA0361-E5C0-4CD5-BB8D-08FD6C25EC05}.Release|Any CPU.Build.0 = Release|Any CPU
		{50DA0361-E5C0-4CD5-BB8D-08FD6C25EC05}.Release|x64.ActiveCfg = Release|Any CPU
		{50DA0361-E5C0-4CD5-BB8D-08FD6C25EC05}.Release|x64.Build.0 = Release|Any CPU
		{50DA0361-E5C0-4CD5-BB8D-08FD6C25EC05}.Release|x86.ActiveCfg = Release|Any CPU
		{50DA0361-E5C0-4CD5-BB8D-08FD6C25EC05}.Release|x86.Build.0 = Release|Any CPU
		{E7441023-964A-4ACD-8024-420BFB406E7B}.Debug|Any CPU.ActiveCfg = Debug|Any CPU
		{E7441023-964A-4ACD-8024-420BFB406E7B}.Debug|Any CPU.Build.0 = Debug|Any CPU
		{E7441023-964A-4ACD-8024-420BFB406E7B}.Debug|x64.ActiveCfg = Debug|Any CPU
		{E7441023-964A-4ACD-8024-420BFB406E7B}.Debug|x64.Build.0 = Debug|Any CPU
		{E7441023-964A-4ACD-8024-420BFB406E7B}.Debug|x86.ActiveCfg = Debug|Any CPU
		{E7441023-964A-4ACD-8024-420BFB406E7B}.Debug|x86.Build.0 = Debug|Any CPU
		{E7441023-964A-4ACD-8024-420BFB406E7B}.Release|Any CPU.ActiveCfg = Release|Any CPU
		{E7441023-964A-4ACD-8024-420BFB406E7B}.Release|Any CPU.Build.0 = Release|Any CPU
		{E7441023-964A-4ACD-8024-420BFB406E7B}.Release|x64.ActiveCfg = Release|Any CPU
		{E7441023-964A-4ACD-8024-420BFB406E7B}.Release|x64.Build.0 = Release|Any CPU
		{E7441023-964A-4ACD-8024-420BFB406E7B}.Release|x86.ActiveCfg = Release|Any CPU
		{E7441023-964A-4ACD-8024-420BFB406E7B}.Release|x86.Build.0 = Release|Any CPU
		{2734CD37-A650-449B-A65B-BD02FB935AB0}.Debug|Any CPU.ActiveCfg = Debug|Any CPU
		{2734CD37-A650-449B-A65B-BD02FB935AB0}.Debug|Any CPU.Build.0 = Debug|Any CPU
		{2734CD37-A650-449B-A65B-BD02FB935AB0}.Debug|x64.ActiveCfg = Debug|Any CPU
		{2734CD37-A650-449B-A65B-BD02FB935AB0}.Debug|x64.Build.0 = Debug|Any CPU
		{2734CD37-A650-449B-A65B-BD02FB935AB0}.Debug|x86.ActiveCfg = Debug|Any CPU
		{2734CD37-A650-449B-A65B-BD02FB935AB0}.Debug|x86.Build.0 = Debug|Any CPU
		{2734CD37-A650-449B-A65B-BD02FB935AB0}.Release|Any CPU.ActiveCfg = Release|Any CPU
		{2734CD37-A650-449B-A65B-BD02FB935AB0}.Release|Any CPU.Build.0 = Release|Any CPU
		{2734CD37-A650-449B-A65B-BD02FB935AB0}.Release|x64.ActiveCfg = Release|Any CPU
		{2734CD37-A650-449B-A65B-BD02FB935AB0}.Release|x64.Build.0 = Release|Any CPU
		{2734CD37-A650-449B-A65B-BD02FB935AB0}.Release|x86.ActiveCfg = Release|Any CPU
		{2734CD37-A650-449B-A65B-BD02FB935AB0}.Release|x86.Build.0 = Release|Any CPU
		{494D773C-9E55-44A7-908A-97E4738436F4}.Debug|Any CPU.ActiveCfg = Debug|Any CPU
		{494D773C-9E55-44A7-908A-97E4738436F4}.Debug|Any CPU.Build.0 = Debug|Any CPU
		{494D773C-9E55-44A7-908A-97E4738436F4}.Debug|x64.ActiveCfg = Debug|Any CPU
		{494D773C-9E55-44A7-908A-97E4738436F4}.Debug|x64.Build.0 = Debug|Any CPU
		{494D773C-9E55-44A7-908A-97E4738436F4}.Debug|x86.ActiveCfg = Debug|Any CPU
		{494D773C-9E55-44A7-908A-97E4738436F4}.Debug|x86.Build.0 = Debug|Any CPU
		{494D773C-9E55-44A7-908A-97E4738436F4}.Release|Any CPU.ActiveCfg = Release|Any CPU
		{494D773C-9E55-44A7-908A-97E4738436F4}.Release|Any CPU.Build.0 = Release|Any CPU
		{494D773C-9E55-44A7-908A-97E4738436F4}.Release|x64.ActiveCfg = Release|Any CPU
		{494D773C-9E55-44A7-908A-97E4738436F4}.Release|x64.Build.0 = Release|Any CPU
		{494D773C-9E55-44A7-908A-97E4738436F4}.Release|x86.ActiveCfg = Release|Any CPU
		{494D773C-9E55-44A7-908A-97E4738436F4}.Release|x86.Build.0 = Release|Any CPU
		{E92A0358-6C32-4F6D-982E-2085989CE194}.Debug|Any CPU.ActiveCfg = Debug|Any CPU
		{E92A0358-6C32-4F6D-982E-2085989CE194}.Debug|Any CPU.Build.0 = Debug|Any CPU
		{E92A0358-6C32-4F6D-982E-2085989CE194}.Debug|x64.ActiveCfg = Debug|Any CPU
		{E92A0358-6C32-4F6D-982E-2085989CE194}.Debug|x64.Build.0 = Debug|Any CPU
		{E92A0358-6C32-4F6D-982E-2085989CE194}.Debug|x86.ActiveCfg = Debug|Any CPU
		{E92A0358-6C32-4F6D-982E-2085989CE194}.Debug|x86.Build.0 = Debug|Any CPU
		{E92A0358-6C32-4F6D-982E-2085989CE194}.Release|Any CPU.ActiveCfg = Release|Any CPU
		{E92A0358-6C32-4F6D-982E-2085989CE194}.Release|Any CPU.Build.0 = Release|Any CPU
		{E92A0358-6C32-4F6D-982E-2085989CE194}.Release|x64.ActiveCfg = Release|Any CPU
		{E92A0358-6C32-4F6D-982E-2085989CE194}.Release|x64.Build.0 = Release|Any CPU
		{E92A0358-6C32-4F6D-982E-2085989CE194}.Release|x86.ActiveCfg = Release|Any CPU
		{E92A0358-6C32-4F6D-982E-2085989CE194}.Release|x86.Build.0 = Release|Any CPU
	EndGlobalSection
	GlobalSection(SolutionProperties) = preSolution
		HideSolutionNode = FALSE
	EndGlobalSection
	GlobalSection(NestedProjects) = preSolution
		{A69A7032-2964-4B95-A973-9B0C277DEE74} = {827E0CD3-B72D-47B6-A68D-7590B98EB39B}
		{8C133533-3DC5-45B2-A815-DF84086E736C} = {827E0CD3-B72D-47B6-A68D-7590B98EB39B}
		{50DA0361-E5C0-4CD5-BB8D-08FD6C25EC05} = {827E0CD3-B72D-47B6-A68D-7590B98EB39B}
		{E7441023-964A-4ACD-8024-420BFB406E7B} = {827E0CD3-B72D-47B6-A68D-7590B98EB39B}
		{2734CD37-A650-449B-A65B-BD02FB935AB0} = {0AB3BF05-4346-4AA6-1389-037BE0695223}
		{494D773C-9E55-44A7-908A-97E4738436F4} = {0AB3BF05-4346-4AA6-1389-037BE0695223}
		{E92A0358-6C32-4F6D-982E-2085989CE194} = {0AB3BF05-4346-4AA6-1389-037BE0695223}
	EndGlobalSection
EndGlobal
